{
  "name": "savethedate",
  "lockfileVersion": 3,
  "requires": true,
  "packages": {
    "": {
      "dependencies": {
        "@lottiefiles/dotlottie-web": "^0.57.0"
      }
    },
    "node_modules/@lottiefiles/dotlottie-web": {
      "version": "0.57.0",
      "resolved": "https://registry.npmjs.org/@lottiefiles/dotlottie-web/-/dotlottie-web-0.57.0.tgz",
      "integrity": "sha512-gcgvu9T21YzeY3JjHCZrxftucsxzMH6e9h+8NMv8mbfo1y1M9/jdcsdu40S+pnSLz9/OyiSBQ/EjDsbSOHZy0w==",
      "license": "MIT"
    }
  }
}
